
Microsoft Visual Studio Solution File, Format Version 12.00
# Visual Studio Version 17
VisualStudioVersion = 17.5.33103.201
MinimumVisualStudioVersion = 10.0.40219.1
Project("{FAE04EC0-301F-11D3-BF4B-00C04F79EFBC}") = "MessageBoxDemo", "MessageBoxDemo\MessageBoxDemo.csproj", "{1169E62C-DDAD-4F5D-918C-58479C9110EA}"
EndProject
Global
	GlobalSection(SolutionConfigurationPlatforms) = preSolution
		Debug|Any CPU = Debug|Any CPU
		Release|Any CPU = Release|Any CPU
	EndGlobalSection
	GlobalSection(ProjectConfigurationPlatforms) = postSolution
		{1169E62C-DDAD-4F5D-918C-58479C9110EA}.Debug|Any CPU.ActiveCfg = Debug|Any CPU
		{1169E62C-DDAD-4F5D-918C-58479C9110EA}.Debug|Any CPU.Build.0 = Debug|Any CPU
		{1169E62C-DDAD-4F5D-918C-58479C9110EA}.Release|Any CPU.ActiveCfg = Release|Any CPU
		{1169E62C-DDAD-4F5D-918C-58479C9110EA}.Release|Any CPU.Build.0 = Release|Any CPU
	EndGlobalSection
	GlobalSection(SolutionProperties) = preSolution
		HideSolutionNode = FALSE
	EndGlobalSection
	GlobalSection(ExtensibilityGlobals) = postSolution
		SolutionGuid = {B6FAD51C-2BFD-4C4A-AD40-B46E2A8423F0}
	EndGlobalSection
EndGlobal
